
Microsoft Visual Studio Solution File, Format Version 12.00
# Visual Studio 15
VisualStudioVersion = 15.0.28307.572
MinimumVisualStudioVersion = 10.0.40219.1
Project("{FAE04EC0-301F-11D3-BF4B-00C04F79EFBC}") = "theEasyWay", "theEasyWay\theEasyWay.csproj", "{8B30051A-5DD7-4B41-8792-3F80AA51D19E}"
EndProject
Global
	GlobalSection(SolutionConfigurationPlatforms) = preSolution
		Debug|Any CPU = Debug|Any CPU
		Release|Any CPU = Release|Any CPU
	EndGlobalSection
	GlobalSection(ProjectConfigurationPlatforms) = postSolution
		{8B30051A-5DD7-4B41-8792-3F80AA51D19E}.Debug|Any CPU.ActiveCfg = Debug|Any CPU
		{8B30051A-5DD7-4B41-8792-3F80AA51D19E}.Debug|Any CPU.Build.0 = Debug|Any CPU
		{8B30051A-5DD7-4B41-8792-3F80AA51D19E}.Release|Any CPU.ActiveCfg = Release|Any CPU
		{8B30051A-5DD7-4B41-8792-3F80AA51D19E}.Release|Any CPU.Build.0 = Release|Any CPU
	EndGlobalSection
	GlobalSection(SolutionProperties) = preSolution
		HideSolutionNode = FALSE
	EndGlobalSection
	GlobalSection(ExtensibilityGlobals) = postSolution
		SolutionGuid = {590145AC-406E-4686-B1AC-30E225D54CA4}
	EndGlobalSection
EndGlobal
