
Microsoft Visual Studio Solution File, Format Version 12.00
# Visual Studio 15
VisualStudioVersion = 15.0.28307.329
MinimumVisualStudioVersion = 10.0.40219.1
Project("{FAE04EC0-301F-11D3-BF4B-00C04F79EFBC}") = "129_SchoolRosterIDCompare", "129_SchoolRosterIDCompare\129_SchoolRosterIDCompare.csproj", "{9C9469B2-788B-4DC6-B942-A4283C8D1172}"
EndProject
Global
	GlobalSection(SolutionConfigurationPlatforms) = preSolution
		Debug|Any CPU = Debug|Any CPU
		Release|Any CPU = Release|Any CPU
	EndGlobalSection
	GlobalSection(ProjectConfigurationPlatforms) = postSolution
		{9C9469B2-788B-4DC6-B942-A4283C8D1172}.Debug|Any CPU.ActiveCfg = Debug|Any CPU
		{9C9469B2-788B-4DC6-B942-A4283C8D1172}.Debug|Any CPU.Build.0 = Debug|Any CPU
		{9C9469B2-788B-4DC6-B942-A4283C8D1172}.Release|Any CPU.ActiveCfg = Release|Any CPU
		{9C9469B2-788B-4DC6-B942-A4283C8D1172}.Release|Any CPU.Build.0 = Release|Any CPU
	EndGlobalSection
	GlobalSection(SolutionProperties) = preSolution
		HideSolutionNode = FALSE
	EndGlobalSection
	GlobalSection(ExtensibilityGlobals) = postSolution
		SolutionGuid = {F86F3051-8D44-4304-A65C-F2EEDE347067}
	EndGlobalSection
EndGlobal
