
Microsoft Visual Studio Solution File, Format Version 12.00
# Visual Studio 15
VisualStudioVersion = 15.0.28307.329
MinimumVisualStudioVersion = 10.0.40219.1
Project("{FAE04EC0-301F-11D3-BF4B-00C04F79EFBC}") = "124_AbstractSchoolRoster", "124_AbstractSchoolRoster\124_AbstractSchoolRoster.csproj", "{0ABA53C5-187B-4990-9C7B-ABA776688236}"
EndProject
Global
	GlobalSection(SolutionConfigurationPlatforms) = preSolution
		Debug|Any CPU = Debug|Any CPU
		Release|Any CPU = Release|Any CPU
	EndGlobalSection
	GlobalSection(ProjectConfigurationPlatforms) = postSolution
		{0ABA53C5-187B-4990-9C7B-ABA776688236}.Debug|Any CPU.ActiveCfg = Debug|Any CPU
		{0ABA53C5-187B-4990-9C7B-ABA776688236}.Debug|Any CPU.Build.0 = Debug|Any CPU
		{0ABA53C5-187B-4990-9C7B-ABA776688236}.Release|Any CPU.ActiveCfg = Release|Any CPU
		{0ABA53C5-187B-4990-9C7B-ABA776688236}.Release|Any CPU.Build.0 = Release|Any CPU
	EndGlobalSection
	GlobalSection(SolutionProperties) = preSolution
		HideSolutionNode = FALSE
	EndGlobalSection
	GlobalSection(ExtensibilityGlobals) = postSolution
		SolutionGuid = {0177ED4C-8EAF-4587-A094-D9D654E4895B}
	EndGlobalSection
EndGlobal
