
Microsoft Visual Studio Solution File, Format Version 12.00
# Visual Studio 15
VisualStudioVersion = 15.0.28307.329
MinimumVisualStudioVersion = 10.0.40219.1
Project("{FAE04EC0-301F-11D3-BF4B-00C04F79EFBC}") = "WeirdlyExcessiveExercise", "WeirdlyExcessiveExercise\WeirdlyExcessiveExercise.csproj", "{8A18F59C-FD13-4F21-9EF7-EBAE7FCAE0EC}"
EndProject
Global
	GlobalSection(SolutionConfigurationPlatforms) = preSolution
		Debug|Any CPU = Debug|Any CPU
		Release|Any CPU = Release|Any CPU
	EndGlobalSection
	GlobalSection(ProjectConfigurationPlatforms) = postSolution
		{8A18F59C-FD13-4F21-9EF7-EBAE7FCAE0EC}.Debug|Any CPU.ActiveCfg = Debug|Any CPU
		{8A18F59C-FD13-4F21-9EF7-EBAE7FCAE0EC}.Debug|Any CPU.Build.0 = Debug|Any CPU
		{8A18F59C-FD13-4F21-9EF7-EBAE7FCAE0EC}.Release|Any CPU.ActiveCfg = Release|Any CPU
		{8A18F59C-FD13-4F21-9EF7-EBAE7FCAE0EC}.Release|Any CPU.Build.0 = Release|Any CPU
	EndGlobalSection
	GlobalSection(SolutionProperties) = preSolution
		HideSolutionNode = FALSE
	EndGlobalSection
	GlobalSection(ExtensibilityGlobals) = postSolution
		SolutionGuid = {F85A8268-9FBB-4F6C-962D-4B958E0D4C76}
	EndGlobalSection
EndGlobal
