
Microsoft Visual Studio Solution File, Format Version 12.00
# Visual Studio 15
VisualStudioVersion = 15.0.28307.329
MinimumVisualStudioVersion = 10.0.40219.1
Project("{FAE04EC0-301F-11D3-BF4B-00C04F79EFBC}") = "120_SchoolRoster", "120_SchoolRoster\120_SchoolRoster.csproj", "{62D8B368-00B5-47E6-9669-4F341F1FB454}"
EndProject
Global
	GlobalSection(SolutionConfigurationPlatforms) = preSolution
		Debug|Any CPU = Debug|Any CPU
		Release|Any CPU = Release|Any CPU
	EndGlobalSection
	GlobalSection(ProjectConfigurationPlatforms) = postSolution
		{62D8B368-00B5-47E6-9669-4F341F1FB454}.Debug|Any CPU.ActiveCfg = Debug|Any CPU
		{62D8B368-00B5-47E6-9669-4F341F1FB454}.Debug|Any CPU.Build.0 = Debug|Any CPU
		{62D8B368-00B5-47E6-9669-4F341F1FB454}.Release|Any CPU.ActiveCfg = Release|Any CPU
		{62D8B368-00B5-47E6-9669-4F341F1FB454}.Release|Any CPU.Build.0 = Release|Any CPU
	EndGlobalSection
	GlobalSection(SolutionProperties) = preSolution
		HideSolutionNode = FALSE
	EndGlobalSection
	GlobalSection(ExtensibilityGlobals) = postSolution
		SolutionGuid = {3DCB21AE-5A59-42CB-A72B-9E63B06D4404}
	EndGlobalSection
EndGlobal
