
Microsoft Visual Studio Solution File, Format Version 12.00
# Visual Studio 15
VisualStudioVersion = 15.0.28307.572
MinimumVisualStudioVersion = 10.0.40219.1
Project("{FAE04EC0-301F-11D3-BF4B-00C04F79EFBC}") = "ContosoUniversity", "ContosoUniversity\ContosoUniversity.csproj", "{0DEBB182-B077-4245-BCD4-B66C0743FBCE}"
EndProject
Global
	GlobalSection(SolutionConfigurationPlatforms) = preSolution
		Debug|Any CPU = Debug|Any CPU
		Release|Any CPU = Release|Any CPU
	EndGlobalSection
	GlobalSection(ProjectConfigurationPlatforms) = postSolution
		{0DEBB182-B077-4245-BCD4-B66C0743FBCE}.Debug|Any CPU.ActiveCfg = Debug|Any CPU
		{0DEBB182-B077-4245-BCD4-B66C0743FBCE}.Debug|Any CPU.Build.0 = Debug|Any CPU
		{0DEBB182-B077-4245-BCD4-B66C0743FBCE}.Release|Any CPU.ActiveCfg = Release|Any CPU
		{0DEBB182-B077-4245-BCD4-B66C0743FBCE}.Release|Any CPU.Build.0 = Release|Any CPU
	EndGlobalSection
	GlobalSection(SolutionProperties) = preSolution
		HideSolutionNode = FALSE
	EndGlobalSection
	GlobalSection(ExtensibilityGlobals) = postSolution
		SolutionGuid = {E99160B0-B37C-40F4-B17E-C82C9430331B}
	EndGlobalSection
EndGlobal
