
Microsoft Visual Studio Solution File, Format Version 12.00
# Visual Studio 15
VisualStudioVersion = 15.0.28307.329
MinimumVisualStudioVersion = 10.0.40219.1
Project("{FAE04EC0-301F-11D3-BF4B-00C04F79EFBC}") = "140_Lambda", "140_Lambda\140_Lambda.csproj", "{07E0ADB5-14D6-4600-BC44-EBA251957757}"
EndProject
Global
	GlobalSection(SolutionConfigurationPlatforms) = preSolution
		Debug|Any CPU = Debug|Any CPU
		Release|Any CPU = Release|Any CPU
	EndGlobalSection
	GlobalSection(ProjectConfigurationPlatforms) = postSolution
		{07E0ADB5-14D6-4600-BC44-EBA251957757}.Debug|Any CPU.ActiveCfg = Debug|Any CPU
		{07E0ADB5-14D6-4600-BC44-EBA251957757}.Debug|Any CPU.Build.0 = Debug|Any CPU
		{07E0ADB5-14D6-4600-BC44-EBA251957757}.Release|Any CPU.ActiveCfg = Release|Any CPU
		{07E0ADB5-14D6-4600-BC44-EBA251957757}.Release|Any CPU.Build.0 = Release|Any CPU
	EndGlobalSection
	GlobalSection(SolutionProperties) = preSolution
		HideSolutionNode = FALSE
	EndGlobalSection
	GlobalSection(ExtensibilityGlobals) = postSolution
		SolutionGuid = {0FC37760-A967-4D94-9087-B6A8ABA5EE91}
	EndGlobalSection
EndGlobal
