
Microsoft Visual Studio Solution File, Format Version 12.00
# Visual Studio 15
VisualStudioVersion = 15.0.28307.329
MinimumVisualStudioVersion = 10.0.40219.1
Project("{FAE04EC0-301F-11D3-BF4B-00C04F79EFBC}") = "Strings", "Strings\Strings.csproj", "{2693B613-8CF3-4FCB-B0B3-8862CE2F92AA}"
EndProject
Global
	GlobalSection(SolutionConfigurationPlatforms) = preSolution
		Debug|Any CPU = Debug|Any CPU
		Release|Any CPU = Release|Any CPU
	EndGlobalSection
	GlobalSection(ProjectConfigurationPlatforms) = postSolution
		{2693B613-8CF3-4FCB-B0B3-8862CE2F92AA}.Debug|Any CPU.ActiveCfg = Debug|Any CPU
		{2693B613-8CF3-4FCB-B0B3-8862CE2F92AA}.Debug|Any CPU.Build.0 = Debug|Any CPU
		{2693B613-8CF3-4FCB-B0B3-8862CE2F92AA}.Release|Any CPU.ActiveCfg = Release|Any CPU
		{2693B613-8CF3-4FCB-B0B3-8862CE2F92AA}.Release|Any CPU.Build.0 = Release|Any CPU
	EndGlobalSection
	GlobalSection(SolutionProperties) = preSolution
		HideSolutionNode = FALSE
	EndGlobalSection
	GlobalSection(ExtensibilityGlobals) = postSolution
		SolutionGuid = {D72F0513-B0D7-433E-A32B-4FAE52489ED5}
	EndGlobalSection
EndGlobal
