
Microsoft Visual Studio Solution File, Format Version 12.00
# Visual Studio 15
VisualStudioVersion = 15.0.28307.329
MinimumVisualStudioVersion = 10.0.40219.1
Project("{FAE04EC0-301F-11D3-BF4B-00C04F79EFBC}") = "HenloWorlt", "HenloWorlt\HenloWorlt.csproj", "{619EA59D-FC02-439F-8030-5B317FDD066E}"
EndProject
Global
	GlobalSection(SolutionConfigurationPlatforms) = preSolution
		Debug|Any CPU = Debug|Any CPU
		Release|Any CPU = Release|Any CPU
	EndGlobalSection
	GlobalSection(ProjectConfigurationPlatforms) = postSolution
		{619EA59D-FC02-439F-8030-5B317FDD066E}.Debug|Any CPU.ActiveCfg = Debug|Any CPU
		{619EA59D-FC02-439F-8030-5B317FDD066E}.Debug|Any CPU.Build.0 = Debug|Any CPU
		{619EA59D-FC02-439F-8030-5B317FDD066E}.Release|Any CPU.ActiveCfg = Release|Any CPU
		{619EA59D-FC02-439F-8030-5B317FDD066E}.Release|Any CPU.Build.0 = Release|Any CPU
	EndGlobalSection
	GlobalSection(SolutionProperties) = preSolution
		HideSolutionNode = FALSE
	EndGlobalSection
	GlobalSection(ExtensibilityGlobals) = postSolution
		SolutionGuid = {716CC031-5240-4F7B-A3F7-2915F0D97FD5}
	EndGlobalSection
EndGlobal
