
Microsoft Visual Studio Solution File, Format Version 12.00
# Visual Studio 15
VisualStudioVersion = 15.0.28307.572
MinimumVisualStudioVersion = 10.0.40219.1
Project("{FAE04EC0-301F-11D3-BF4B-00C04F79EFBC}") = "VroomCarInsurance", "VroomCarInsurance\VroomCarInsurance.csproj", "{D5564172-C09F-4210-B01F-9DEB40B48C5A}"
EndProject
Global
	GlobalSection(SolutionConfigurationPlatforms) = preSolution
		Debug|Any CPU = Debug|Any CPU
		Release|Any CPU = Release|Any CPU
	EndGlobalSection
	GlobalSection(ProjectConfigurationPlatforms) = postSolution
		{D5564172-C09F-4210-B01F-9DEB40B48C5A}.Debug|Any CPU.ActiveCfg = Debug|Any CPU
		{D5564172-C09F-4210-B01F-9DEB40B48C5A}.Debug|Any CPU.Build.0 = Debug|Any CPU
		{D5564172-C09F-4210-B01F-9DEB40B48C5A}.Release|Any CPU.ActiveCfg = Release|Any CPU
		{D5564172-C09F-4210-B01F-9DEB40B48C5A}.Release|Any CPU.Build.0 = Release|Any CPU
	EndGlobalSection
	GlobalSection(SolutionProperties) = preSolution
		HideSolutionNode = FALSE
	EndGlobalSection
	GlobalSection(ExtensibilityGlobals) = postSolution
		SolutionGuid = {3CB6FB22-474A-4E5F-9B55-C7DAD63B051F}
	EndGlobalSection
EndGlobal
