
Microsoft Visual Studio Solution File, Format Version 12.00
# Visual Studio 15
VisualStudioVersion = 15.0.28307.572
MinimumVisualStudioVersion = 10.0.40219.1
Project("{F14B399A-7131-4C87-9E4B-1186C45EF12D}") = "MovieReport2", "MovieReport2\MovieReport2.rptproj", "{5112AD24-B6FE-4545-872E-9884EB77758A}"
EndProject
Global
	GlobalSection(SolutionConfigurationPlatforms) = preSolution
		Debug|Default = Debug|Default
		DebugLocal|Default = DebugLocal|Default
		Release|Default = Release|Default
	EndGlobalSection
	GlobalSection(ProjectConfigurationPlatforms) = postSolution
		{5112AD24-B6FE-4545-872E-9884EB77758A}.Debug|Default.ActiveCfg = Debug
		{5112AD24-B6FE-4545-872E-9884EB77758A}.Debug|Default.Build.0 = Debug
		{5112AD24-B6FE-4545-872E-9884EB77758A}.Debug|Default.Deploy.0 = Debug
		{5112AD24-B6FE-4545-872E-9884EB77758A}.DebugLocal|Default.ActiveCfg = DebugLocal
		{5112AD24-B6FE-4545-872E-9884EB77758A}.DebugLocal|Default.Build.0 = DebugLocal
		{5112AD24-B6FE-4545-872E-9884EB77758A}.Release|Default.ActiveCfg = Release
		{5112AD24-B6FE-4545-872E-9884EB77758A}.Release|Default.Build.0 = Release
		{5112AD24-B6FE-4545-872E-9884EB77758A}.Release|Default.Deploy.0 = Release
	EndGlobalSection
	GlobalSection(SolutionProperties) = preSolution
		HideSolutionNode = FALSE
	EndGlobalSection
	GlobalSection(ExtensibilityGlobals) = postSolution
		SolutionGuid = {71A05D5E-ED50-4B6C-A4C6-6CCB19964C9B}
	EndGlobalSection
EndGlobal
