
Microsoft Visual Studio Solution File, Format Version 12.00
# Visual Studio 15
VisualStudioVersion = 15.0.28307.329
MinimumVisualStudioVersion = 10.0.40219.1
Project("{FAE04EC0-301F-11D3-BF4B-00C04F79EFBC}") = "BooleanLogic", "BooleanLogic\BooleanLogic.csproj", "{AEF00153-5127-4403-BC43-D1AAB06C7C37}"
EndProject
Global
	GlobalSection(SolutionConfigurationPlatforms) = preSolution
		Debug|Any CPU = Debug|Any CPU
		Release|Any CPU = Release|Any CPU
	EndGlobalSection
	GlobalSection(ProjectConfigurationPlatforms) = postSolution
		{AEF00153-5127-4403-BC43-D1AAB06C7C37}.Debug|Any CPU.ActiveCfg = Debug|Any CPU
		{AEF00153-5127-4403-BC43-D1AAB06C7C37}.Debug|Any CPU.Build.0 = Debug|Any CPU
		{AEF00153-5127-4403-BC43-D1AAB06C7C37}.Release|Any CPU.ActiveCfg = Release|Any CPU
		{AEF00153-5127-4403-BC43-D1AAB06C7C37}.Release|Any CPU.Build.0 = Release|Any CPU
	EndGlobalSection
	GlobalSection(SolutionProperties) = preSolution
		HideSolutionNode = FALSE
	EndGlobalSection
	GlobalSection(ExtensibilityGlobals) = postSolution
		SolutionGuid = {68E23C20-D532-4679-97DE-C9E0CF6AEFF4}
	EndGlobalSection
EndGlobal
