
Microsoft Visual Studio Solution File, Format Version 12.00
# Visual Studio 15
VisualStudioVersion = 15.0.28307.329
MinimumVisualStudioVersion = 10.0.40219.1
Project("{FAE04EC0-301F-11D3-BF4B-00C04F79EFBC}") = "pickANumberExercise", "pickANumberExercise\pickANumberExercise.csproj", "{2BEFB4AA-B67C-4827-BDEE-FD3FE7580474}"
EndProject
Global
	GlobalSection(SolutionConfigurationPlatforms) = preSolution
		Debug|Any CPU = Debug|Any CPU
		Release|Any CPU = Release|Any CPU
	EndGlobalSection
	GlobalSection(ProjectConfigurationPlatforms) = postSolution
		{2BEFB4AA-B67C-4827-BDEE-FD3FE7580474}.Debug|Any CPU.ActiveCfg = Debug|Any CPU
		{2BEFB4AA-B67C-4827-BDEE-FD3FE7580474}.Debug|Any CPU.Build.0 = Debug|Any CPU
		{2BEFB4AA-B67C-4827-BDEE-FD3FE7580474}.Release|Any CPU.ActiveCfg = Release|Any CPU
		{2BEFB4AA-B67C-4827-BDEE-FD3FE7580474}.Release|Any CPU.Build.0 = Release|Any CPU
	EndGlobalSection
	GlobalSection(SolutionProperties) = preSolution
		HideSolutionNode = FALSE
	EndGlobalSection
	GlobalSection(ExtensibilityGlobals) = postSolution
		SolutionGuid = {518BC8F2-F9C9-4C58-905F-E65FB5453206}
	EndGlobalSection
EndGlobal
