
Microsoft Visual Studio Solution File, Format Version 12.00
# Visual Studio 15
VisualStudioVersion = 15.0.28307.572
MinimumVisualStudioVersion = 10.0.40219.1
Project("{FAE04EC0-301F-11D3-BF4B-00C04F79EFBC}") = "VroomInsurance", "VroomInsurance\VroomInsurance.csproj", "{E354C885-F8E4-478A-A697-FF34485BF87B}"
EndProject
Global
	GlobalSection(SolutionConfigurationPlatforms) = preSolution
		Debug|Any CPU = Debug|Any CPU
		Release|Any CPU = Release|Any CPU
	EndGlobalSection
	GlobalSection(ProjectConfigurationPlatforms) = postSolution
		{E354C885-F8E4-478A-A697-FF34485BF87B}.Debug|Any CPU.ActiveCfg = Debug|Any CPU
		{E354C885-F8E4-478A-A697-FF34485BF87B}.Debug|Any CPU.Build.0 = Debug|Any CPU
		{E354C885-F8E4-478A-A697-FF34485BF87B}.Release|Any CPU.ActiveCfg = Release|Any CPU
		{E354C885-F8E4-478A-A697-FF34485BF87B}.Release|Any CPU.Build.0 = Release|Any CPU
	EndGlobalSection
	GlobalSection(SolutionProperties) = preSolution
		HideSolutionNode = FALSE
	EndGlobalSection
	GlobalSection(ExtensibilityGlobals) = postSolution
		SolutionGuid = {3CF0387B-3821-4E62-A66C-3FFECEB0416D}
	EndGlobalSection
EndGlobal
